// !$*UTF8*$!
{
	archiveVersion = 1;
	classes = {
	};
	objectVersion = 46;
	objects = {

/* Begin PBXBuildFile section */
		16CB273F2D1EE96FA8AD129C /* Pods_SilentWarmthUITests.framework in Frameworks */ = {isa = PBXBuildFile; fileRef = 0466CA887A54AD37E25FDF7C /* Pods_SilentWarmthUITests.framework */; };
		3AA048AB4DC8A0E804B1DEC8 /* Pods_SilentWarmth.framework in Frameworks */ = {isa = PBXBuildFile; fileRef = 2F05AAACFD6EA570BF57BB5F /* Pods_SilentWarmth.framework */; };
		7C3B0412E99E2B7B9555C435 /* Pods_SilentWarmthTests.framework in Frameworks */ = {isa = PBXBuildFile; fileRef = E8E20D4B4238133A15B2FD38 /* Pods_SilentWarmthTests.framework */; };
		AC0045821DD57028009E135F /* BubbleTransition.framework in Frameworks */ = {isa = PBXBuildFile; fileRef = AC0045811DD57028009E135F /* BubbleTransition.framework */; };
		AC0045851DD58285009E135F /* HelpViewController.swift in Sources */ = {isa = PBXBuildFile; fileRef = AC0045841DD58285009E135F /* HelpViewController.swift */; };
		AC0B03491DF52F0C00D7E135 /* alertImg.png in Resources */ = {isa = PBXBuildFile; fileRef = AC0B03481DF52F0C00D7E135 /* alertImg.png */; };
		AC212E681DD448E2003A400C /* AppDelegate.swift in Sources */ = {isa = PBXBuildFile; fileRef = AC212E671DD448E2003A400C /* AppDelegate.swift */; };
		AC212E6A1DD448E2003A400C /* ViewController.swift in Sources */ = {isa = PBXBuildFile; fileRef = AC212E691DD448E2003A400C /* ViewController.swift */; };
		AC212E6D1DD448E2003A400C /* Main.storyboard in Resources */ = {isa = PBXBuildFile; fileRef = AC212E6B1DD448E2003A400C /* Main.storyboard */; };
		AC212E6F1DD448E2003A400C /* Assets.xcassets in Resources */ = {isa = PBXBuildFile; fileRef = AC212E6E1DD448E2003A400C /* Assets.xcassets */; };
		AC212E721DD448E2003A400C /* LaunchScreen.storyboard in Resources */ = {isa = PBXBuildFile; fileRef = AC212E701DD448E2003A400C /* LaunchScreen.storyboard */; };
		AC212E7D1DD448E2003A400C /* SilentWarmthTests.swift in Sources */ = {isa = PBXBuildFile; fileRef = AC212E7C1DD448E2003A400C /* SilentWarmthTests.swift */; };
		AC212E881DD448E2003A400C /* SilentWarmthUITests.swift in Sources */ = {isa = PBXBuildFile; fileRef = AC212E871DD448E2003A400C /* SilentWarmthUITests.swift */; };
		AC212E961DD44D15003A400C /* SendWarmthViewController.swift in Sources */ = {isa = PBXBuildFile; fileRef = AC212E951DD44D15003A400C /* SendWarmthViewController.swift */; };
		AC2380411DE7E67D0065146A /* TestViewController.swift in Sources */ = {isa = PBXBuildFile; fileRef = AC2380401DE7E67D0065146A /* TestViewController.swift */; };
		AC2589A51DEBF9480022EB14 /* Values.swift in Sources */ = {isa = PBXBuildFile; fileRef = AC2589A41DEBF9480022EB14 /* Values.swift */; };
		AC2589A91DEC03050022EB14 /* NotifyListTableViewCell.swift in Sources */ = {isa = PBXBuildFile; fileRef = AC2589A81DEC03050022EB14 /* NotifyListTableViewCell.swift */; };
		AC891F531DE6B4F80006EE82 /* Uuids.swift in Sources */ = {isa = PBXBuildFile; fileRef = AC891F521DE6B4F80006EE82 /* Uuids.swift */; };
		ACC628C21DDD6B89002E85BE /* AlertBase.swift in Sources */ = {isa = PBXBuildFile; fileRef = ACC628C11DDD6B89002E85BE /* AlertBase.swift */; };
		ACD199021DD97DEA009AC564 /* InviteWarmthViewController.swift in Sources */ = {isa = PBXBuildFile; fileRef = ACD199011DD97DEA009AC564 /* InviteWarmthViewController.swift */; };
		ACD199041DD97E0B009AC564 /* MurmurViewController.swift in Sources */ = {isa = PBXBuildFile; fileRef = ACD199031DD97E0B009AC564 /* MurmurViewController.swift */; };
		ACF2060C1DDAD48C00E9446F /* twitter.jpg in Resources */ = {isa = PBXBuildFile; fileRef = ACF2060B1DDAD48C00E9446F /* twitter.jpg */; };
/* End PBXBuildFile section */

/* Begin PBXContainerItemProxy section */
		AC212E791DD448E2003A400C /* PBXContainerItemProxy */ = {
			isa = PBXContainerItemProxy;
			containerPortal = AC212E5C1DD448E1003A400C /* Project object */;
			proxyType = 1;
			remoteGlobalIDString = AC212E631DD448E1003A400C;
			remoteInfo = SilentWarmth;
		};
		AC212E841DD448E2003A400C /* PBXContainerItemProxy */ = {
			isa = PBXContainerItemProxy;
			containerPortal = AC212E5C1DD448E1003A400C /* Project object */;
			proxyType = 1;
			remoteGlobalIDString = AC212E631DD448E1003A400C;
			remoteInfo = SilentWarmth;
		};
/* End PBXContainerItemProxy section */

/* Begin PBXFileReference section */
		0466CA887A54AD37E25FDF7C /* Pods_SilentWarmthUITests.framework */ = {isa = PBXFileReference; explicitFileType = wrapper.framework; includeInIndex = 0; path = Pods_SilentWarmthUITests.framework; sourceTree = BUILT_PRODUCTS_DIR; };
		2374E2937350F517D1BCEBFA /* Pods-SilentWarmthUITests.release.xcconfig */ = {isa = PBXFileReference; includeInIndex = 1; lastKnownFileType = text.xcconfig; name = "Pods-SilentWarmthUITests.release.xcconfig"; path = "Pods/Target Support Files/Pods-SilentWarmthUITests/Pods-SilentWarmthUITests.release.xcconfig"; sourceTree = "<group>"; };
		2F05AAACFD6EA570BF57BB5F /* Pods_SilentWarmth.framework */ = {isa = PBXFileReference; explicitFileType = wrapper.framework; includeInIndex = 0; path = Pods_SilentWarmth.framework; sourceTree = BUILT_PRODUCTS_DIR; };
		97DDE56DA0E4C537948C2E0D /* Pods-SilentWarmth.release.xcconfig */ = {isa = PBXFileReference; includeInIndex = 1; lastKnownFileType = text.xcconfig; name = "Pods-SilentWarmth.release.xcconfig"; path = "Pods/Target Support Files/Pods-SilentWarmth/Pods-SilentWarmth.release.xcconfig"; sourceTree = "<group>"; };
		98C045134FEE2B33946A81A1 /* Pods-SilentWarmthTests.release.xcconfig */ = {isa = PBXFileReference; includeInIndex = 1; lastKnownFileType = text.xcconfig; name = "Pods-SilentWarmthTests.release.xcconfig"; path = "Pods/Target Support Files/Pods-SilentWarmthTests/Pods-SilentWarmthTests.release.xcconfig"; sourceTree = "<group>"; };
		AC0045811DD57028009E135F /* BubbleTransition.framework */ = {isa = PBXFileReference; lastKnownFileType = wrapper.framework; name = BubbleTransition.framework; path = Carthage/Build/iOS/BubbleTransition.framework; sourceTree = "<group>"; };
		AC0045841DD58285009E135F /* HelpViewController.swift */ = {isa = PBXFileReference; fileEncoding = 4; lastKnownFileType = sourcecode.swift; path = HelpViewController.swift; sourceTree = "<group>"; };
		AC0B03481DF52F0C00D7E135 /* alertImg.png */ = {isa = PBXFileReference; lastKnownFileType = image.png; name = alertImg.png; path = ../../../../Desktop/icon/alertImg.png; sourceTree = "<group>"; };
		AC1E6A131DEFE3260059180F /* SwiftyJSON.framework */ = {isa = PBXFileReference; lastKnownFileType = wrapper.framework; name = SwiftyJSON.framework; path = Carthage/Build/iOS/SwiftyJSON.framework; sourceTree = "<group>"; };
		AC212E641DD448E2003A400C /* SilentWarmth.app */ = {isa = PBXFileReference; explicitFileType = wrapper.application; includeInIndex = 0; path = SilentWarmth.app; sourceTree = BUILT_PRODUCTS_DIR; };
		AC212E671DD448E2003A400C /* AppDelegate.swift */ = {isa = PBXFileReference; lastKnownFileType = sourcecode.swift; path = AppDelegate.swift; sourceTree = "<group>"; };
		AC212E691DD448E2003A400C /* ViewController.swift */ = {isa = PBXFileReference; lastKnownFileType = sourcecode.swift; path = ViewController.swift; sourceTree = "<group>"; };
		AC212E6C1DD448E2003A400C /* Base */ = {isa = PBXFileReference; lastKnownFileType = file.storyboard; name = Base; path = Base.lproj/Main.storyboard; sourceTree = "<group>"; };
		AC212E6E1DD448E2003A400C /* Assets.xcassets */ = {isa = PBXFileReference; lastKnownFileType = folder.assetcatalog; path = Assets.xcassets; sourceTree = "<group>"; };
		AC212E711DD448E2003A400C /* Base */ = {isa = PBXFileReference; lastKnownFileType = file.storyboard; name = Base; path = Base.lproj/LaunchScreen.storyboard; sourceTree = "<group>"; };
		AC212E731DD448E2003A400C /* Info.plist */ = {isa = PBXFileReference; lastKnownFileType = text.plist.xml; path = Info.plist; sourceTree = "<group>"; };
		AC212E781DD448E2003A400C /* SilentWarmthTests.xctest */ = {isa = PBXFileReference; explicitFileType = wrapper.cfbundle; includeInIndex = 0; path = SilentWarmthTests.xctest; sourceTree = BUILT_PRODUCTS_DIR; };
		AC212E7C1DD448E2003A400C /* SilentWarmthTests.swift */ = {isa = PBXFileReference; lastKnownFileType = sourcecode.swift; path = SilentWarmthTests.swift; sourceTree = "<group>"; };
		AC212E7E1DD448E2003A400C /* Info.plist */ = {isa = PBXFileReference; lastKnownFileType = text.plist.xml; path = Info.plist; sourceTree = "<group>"; };
		AC212E831DD448E2003A400C /* SilentWarmthUITests.xctest */ = {isa = PBXFileReference; explicitFileType = wrapper.cfbundle; includeInIndex = 0; path = SilentWarmthUITests.xctest; sourceTree = BUILT_PRODUCTS_DIR; };
		AC212E871DD448E2003A400C /* SilentWarmthUITests.swift */ = {isa = PBXFileReference; lastKnownFileType = sourcecode.swift; path = SilentWarmthUITests.swift; sourceTree = "<group>"; };
		AC212E891DD448E2003A400C /* Info.plist */ = {isa = PBXFileReference; lastKnownFileType = text.plist.xml; path = Info.plist; sourceTree = "<group>"; };
		AC212E951DD44D15003A400C /* SendWarmthViewController.swift */ = {isa = PBXFileReference; fileEncoding = 4; lastKnownFileType = sourcecode.swift; path = SendWarmthViewController.swift; sourceTree = "<group>"; };
		AC2380401DE7E67D0065146A /* TestViewController.swift */ = {isa = PBXFileReference; fileEncoding = 4; lastKnownFileType = sourcecode.swift; path = TestViewController.swift; sourceTree = "<group>"; };
		AC2589A41DEBF9480022EB14 /* Values.swift */ = {isa = PBXFileReference; fileEncoding = 4; lastKnownFileType = sourcecode.swift; path = Values.swift; sourceTree = "<group>"; };
		AC2589A81DEC03050022EB14 /* NotifyListTableViewCell.swift */ = {isa = PBXFileReference; fileEncoding = 4; lastKnownFileType = sourcecode.swift; path = NotifyListTableViewCell.swift; sourceTree = "<group>"; };
		AC891F521DE6B4F80006EE82 /* Uuids.swift */ = {isa = PBXFileReference; fileEncoding = 4; lastKnownFileType = sourcecode.swift; path = Uuids.swift; sourceTree = "<group>"; };
		ACC628C11DDD6B89002E85BE /* AlertBase.swift */ = {isa = PBXFileReference; fileEncoding = 4; lastKnownFileType = sourcecode.swift; path = AlertBase.swift; sourceTree = "<group>"; };
		ACD199011DD97DEA009AC564 /* InviteWarmthViewController.swift */ = {isa = PBXFileReference; fileEncoding = 4; lastKnownFileType = sourcecode.swift; path = InviteWarmthViewController.swift; sourceTree = "<group>"; };
		ACD199031DD97E0B009AC564 /* MurmurViewController.swift */ = {isa = PBXFileReference; fileEncoding = 4; lastKnownFileType = sourcecode.swift; path = MurmurViewController.swift; sourceTree = "<group>"; };
		ACF2060B1DDAD48C00E9446F /* twitter.jpg */ = {isa = PBXFileReference; lastKnownFileType = image.jpeg; name = twitter.jpg; path = ../../../../Downloads/twitter.jpg; sourceTree = "<group>"; };
		B1EF3CF6D44C27E093D860C8 /* Pods-SilentWarmth.debug.xcconfig */ = {isa = PBXFileReference; includeInIndex = 1; lastKnownFileType = text.xcconfig; name = "Pods-SilentWarmth.debug.xcconfig"; path = "Pods/Target Support Files/Pods-SilentWarmth/Pods-SilentWarmth.debug.xcconfig"; sourceTree = "<group>"; };
		DE96B95C2F5589C79D2A0C1E /* Pods-SilentWarmthTests.debug.xcconfig */ = {isa = PBXFileReference; includeInIndex = 1; lastKnownFileType = text.xcconfig; name = "Pods-SilentWarmthTests.debug.xcconfig"; path = "Pods/Target Support Files/Pods-SilentWarmthTests/Pods-SilentWarmthTests.debug.xcconfig"; sourceTree = "<group>"; };
		E8E20D4B4238133A15B2FD38 /* Pods_SilentWarmthTests.framework */ = {isa = PBXFileReference; explicitFileType = wrapper.framework; includeInIndex = 0; path = Pods_SilentWarmthTests.framework; sourceTree = BUILT_PRODUCTS_DIR; };
		F832EE0525EC81156A195688 /* Pods-SilentWarmthUITests.debug.xcconfig */ = {isa = PBXFileReference; includeInIndex = 1; lastKnownFileType = text.xcconfig; name = "Pods-SilentWarmthUITests.debug.xcconfig"; path = "Pods/Target Support Files/Pods-SilentWarmthUITests/Pods-SilentWarmthUITests.debug.xcconfig"; sourceTree = "<group>"; };
/* End PBXFileReference section */

/* Begin PBXFrameworksBuildPhase section */
		AC212E611DD448E1003A400C /* Frameworks */ = {
			isa = PBXFrameworksBuildPhase;
			buildActionMask = 2147483647;
			files = (
				AC0045821DD57028009E135F /* BubbleTransition.framework in Frameworks */,
				3AA048AB4DC8A0E804B1DEC8 /* Pods_SilentWarmth.framework in Frameworks */,
			);
			runOnlyForDeploymentPostprocessing = 0;
		};
		AC212E751DD448E2003A400C /* Frameworks */ = {
			isa = PBXFrameworksBuildPhase;
			buildActionMask = 2147483647;
			files = (
				7C3B0412E99E2B7B9555C435 /* Pods_SilentWarmthTests.framework in Frameworks */,
			);
			runOnlyForDeploymentPostprocessing = 0;
		};
		AC212E801DD448E2003A400C /* Frameworks */ = {
			isa = PBXFrameworksBuildPhase;
			buildActionMask = 2147483647;
			files = (
				16CB273F2D1EE96FA8AD129C /* Pods_SilentWarmthUITests.framework in Frameworks */,
			);
			runOnlyForDeploymentPostprocessing = 0;
		};
/* End PBXFrameworksBuildPhase section */

/* Begin PBXGroup section */
		528E8D806AC6908B6053948A /* Pods */ = {
			isa = PBXGroup;
			children = (
				B1EF3CF6D44C27E093D860C8 /* Pods-SilentWarmth.debug.xcconfig */,
				97DDE56DA0E4C537948C2E0D /* Pods-SilentWarmth.release.xcconfig */,
				DE96B95C2F5589C79D2A0C1E /* Pods-SilentWarmthTests.debug.xcconfig */,
				98C045134FEE2B33946A81A1 /* Pods-SilentWarmthTests.release.xcconfig */,
				F832EE0525EC81156A195688 /* Pods-SilentWarmthUITests.debug.xcconfig */,
				2374E2937350F517D1BCEBFA /* Pods-SilentWarmthUITests.release.xcconfig */,
			);
			name = Pods;
			sourceTree = "<group>";
		};
		AC0045801DD57028009E135F /* Frameworks */ = {
			isa = PBXGroup;
			children = (
				AC1E6A131DEFE3260059180F /* SwiftyJSON.framework */,
				AC0045811DD57028009E135F /* BubbleTransition.framework */,
				2F05AAACFD6EA570BF57BB5F /* Pods_SilentWarmth.framework */,
				E8E20D4B4238133A15B2FD38 /* Pods_SilentWarmthTests.framework */,
				0466CA887A54AD37E25FDF7C /* Pods_SilentWarmthUITests.framework */,
			);
			name = Frameworks;
			sourceTree = "<group>";
		};
		AC212E5B1DD448E1003A400C = {
			isa = PBXGroup;
			children = (
				AC212E661DD448E2003A400C /* SilentWarmth */,
				AC212E7B1DD448E2003A400C /* SilentWarmthTests */,
				AC212E861DD448E2003A400C /* SilentWarmthUITests */,
				AC212E651DD448E2003A400C /* Products */,
				AC0045801DD57028009E135F /* Frameworks */,
				528E8D806AC6908B6053948A /* Pods */,
			);
			sourceTree = "<group>";
		};
		AC212E651DD448E2003A400C /* Products */ = {
			isa = PBXGroup;
			children = (
				AC212E641DD448E2003A400C /* SilentWarmth.app */,
				AC212E781DD448E2003A400C /* SilentWarmthTests.xctest */,
				AC212E831DD448E2003A400C /* SilentWarmthUITests.xctest */,
			);
			name = Products;
			sourceTree = "<group>";
		};
		AC212E661DD448E2003A400C /* SilentWarmth */ = {
			isa = PBXGroup;
			children = (
				AC0B03481DF52F0C00D7E135 /* alertImg.png */,
				ACF2060B1DDAD48C00E9446F /* twitter.jpg */,
				AC212E671DD448E2003A400C /* AppDelegate.swift */,
				AC212E691DD448E2003A400C /* ViewController.swift */,
				AC212E6B1DD448E2003A400C /* Main.storyboard */,
				AC212E6E1DD448E2003A400C /* Assets.xcassets */,
				AC212E701DD448E2003A400C /* LaunchScreen.storyboard */,
				AC212E731DD448E2003A400C /* Info.plist */,
				AC212E951DD44D15003A400C /* SendWarmthViewController.swift */,
				ACD199011DD97DEA009AC564 /* InviteWarmthViewController.swift */,
				AC0045841DD58285009E135F /* HelpViewController.swift */,
				ACD199031DD97E0B009AC564 /* MurmurViewController.swift */,
				ACC628C11DDD6B89002E85BE /* AlertBase.swift */,
				AC891F521DE6B4F80006EE82 /* Uuids.swift */,
				AC2380401DE7E67D0065146A /* TestViewController.swift */,
				AC2589A41DEBF9480022EB14 /* Values.swift */,
				AC2589A81DEC03050022EB14 /* NotifyListTableViewCell.swift */,
			);
			path = SilentWarmth;
			sourceTree = "<group>";
		};
		AC212E7B1DD448E2003A400C /* SilentWarmthTests */ = {
			isa = PBXGroup;
			children = (
				AC212E7C1DD448E2003A400C /* SilentWarmthTests.swift */,
				AC212E7E1DD448E2003A400C /* Info.plist */,
			);
			path = SilentWarmthTests;
			sourceTree = "<group>";
		};
		AC212E861DD448E2003A400C /* SilentWarmthUITests */ = {
			isa = PBXGroup;
			children = (
				AC212E871DD448E2003A400C /* SilentWarmthUITests.swift */,
				AC212E891DD448E2003A400C /* Info.plist */,
			);
			path = SilentWarmthUITests;
			sourceTree = "<group>";
		};
/* End PBXGroup section */

/* Begin PBXNativeTarget section */
		AC212E631DD448E1003A400C /* SilentWarmth */ = {
			isa = PBXNativeTarget;
			buildConfigurationList = AC212E8C1DD448E2003A400C /* Build configuration list for PBXNativeTarget "SilentWarmth" */;
			buildPhases = (
				D6E3793835700CAC028D750D /* [CP] Check Pods Manifest.lock */,
				AC212E601DD448E1003A400C /* Sources */,
				AC212E611DD448E1003A400C /* Frameworks */,
				AC212E621DD448E1003A400C /* Resources */,
				AC0045831DD57039009E135F /* ShellScript */,
				4A565AF1A38417306C71B2E0 /* [CP] Embed Pods Frameworks */,
				0F574F3CABA80429726C7625 /* [CP] Copy Pods Resources */,
			);
			buildRules = (
			);
			dependencies = (
			);
			name = SilentWarmth;
			productName = SilentWarmth;
			productReference = AC212E641DD448E2003A400C /* SilentWarmth.app */;
			productType = "com.apple.product-type.application";
		};
		AC212E771DD448E2003A400C /* SilentWarmthTests */ = {
			isa = PBXNativeTarget;
			buildConfigurationList = AC212E8F1DD448E2003A400C /* Build configuration list for PBXNativeTarget "SilentWarmthTests" */;
			buildPhases = (
				E9641AE400866A893311836A /* [CP] Check Pods Manifest.lock */,
				AC212E741DD448E2003A400C /* Sources */,
				AC212E751DD448E2003A400C /* Frameworks */,
				AC212E761DD448E2003A400C /* Resources */,
				C7CD70D4B04FA3E1C078449A /* [CP] Embed Pods Frameworks */,
				8738984519383BC4701C5C8F /* [CP] Copy Pods Resources */,
			);
			buildRules = (
			);
			dependencies = (
				AC212E7A1DD448E2003A400C /* PBXTargetDependency */,
			);
			name = SilentWarmthTests;
			productName = SilentWarmthTests;
			productReference = AC212E781DD448E2003A400C /* SilentWarmthTests.xctest */;
			productType = "com.apple.product-type.bundle.unit-test";
		};
		AC212E821DD448E2003A400C /* SilentWarmthUITests */ = {
			isa = PBXNativeTarget;
			buildConfigurationList = AC212E921DD448E2003A400C /* Build configuration list for PBXNativeTarget "SilentWarmthUITests" */;
			buildPhases = (
				4B53E7FF858814413713CCAA /* [CP] Check Pods Manifest.lock */,
				AC212E7F1DD448E2003A400C /* Sources */,
				AC212E801DD448E2003A400C /* Frameworks */,
				AC212E811DD448E2003A400C /* Resources */,
				29271A7FD2781B32DFF133E4 /* [CP] Embed Pods Frameworks */,
				3D5AD92FBCFD7CBA300A3440 /* [CP] Copy Pods Resources */,
			);
			buildRules = (
			);
			dependencies = (
				AC212E851DD448E2003A400C /* PBXTargetDependency */,
			);
			name = SilentWarmthUITests;
			productName = SilentWarmthUITests;
			productReference = AC212E831DD448E2003A400C /* SilentWarmthUITests.xctest */;
			productType = "com.apple.product-type.bundle.ui-testing";
		};
/* End PBXNativeTarget section */

/* Begin PBXProject section */
		AC212E5C1DD448E1003A400C /* Project object */ = {
			isa = PBXProject;
			attributes = {
				LastSwiftUpdateCheck = 0810;
				LastUpgradeCheck = 0810;
				ORGANIZATIONNAME = chocoffee;
				TargetAttributes = {
					AC212E631DD448E1003A400C = {
						CreatedOnToolsVersion = 8.1;
						DevelopmentTeam = 3457D6786D;
						ProvisioningStyle = Automatic;
						SystemCapabilities = {
							com.apple.BackgroundModes = {
								enabled = 1;
							};
						};
					};
					AC212E771DD448E2003A400C = {
						CreatedOnToolsVersion = 8.1;
						DevelopmentTeam = 3457D6786D;
						ProvisioningStyle = Automatic;
						TestTargetID = AC212E631DD448E1003A400C;
					};
					AC212E821DD448E2003A400C = {
						CreatedOnToolsVersion = 8.1;
						DevelopmentTeam = 3457D6786D;
						ProvisioningStyle = Automatic;
						TestTargetID = AC212E631DD448E1003A400C;
					};
				};
			};
			buildConfigurationList = AC212E5F1DD448E1003A400C /* Build configuration list for PBXProject "SilentWarmth" */;
			compatibilityVersion = "Xcode 3.2";
			developmentRegion = English;
			hasScannedForEncodings = 0;
			knownRegions = (
				en,
				Base,
			);
			mainGroup = AC212E5B1DD448E1003A400C;
			productRefGroup = AC212E651DD448E2003A400C /* Products */;
			projectDirPath = "";
			projectRoot = "";
			targets = (
				AC212E631DD448E1003A400C /* SilentWarmth */,
				AC212E771DD448E2003A400C /* SilentWarmthTests */,
				AC212E821DD448E2003A400C /* SilentWarmthUITests */,
			);
		};
/* End PBXProject section */

/* Begin PBXResourcesBuildPhase section */
		AC212E621DD448E1003A400C /* Resources */ = {
			isa = PBXResourcesBuildPhase;
			buildActionMask = 2147483647;
			files = (
				AC212E721DD448E2003A400C /* LaunchScreen.storyboard in Resources */,
				AC0B03491DF52F0C00D7E135 /* alertImg.png in Resources */,
				ACF2060C1DDAD48C00E9446F /* twitter.jpg in Resources */,
				AC212E6F1DD448E2003A400C /* Assets.xcassets in Resources */,
				AC212E6D1DD448E2003A400C /* Main.storyboard in Resources */,
			);
			runOnlyForDeploymentPostprocessing = 0;
		};
		AC212E761DD448E2003A400C /* Resources */ = {
			isa = PBXResourcesBuildPhase;
			buildActionMask = 2147483647;
			files = (
			);
			runOnlyForDeploymentPostprocessing = 0;
		};
		AC212E811DD448E2003A400C /* Resources */ = {
			isa = PBXResourcesBuildPhase;
			buildActionMask = 2147483647;
			files = (
			);
			runOnlyForDeploymentPostprocessing = 0;
		};
/* End PBXResourcesBuildPhase section */

/* Begin PBXShellScriptBuildPhase section */
		0F574F3CABA80429726C7625 /* [CP] Copy Pods Resources */ = {
			isa = PBXShellScriptBuildPhase;
			buildActionMask = 2147483647;
			files = (
			);
			inputPaths = (
			);
			name = "[CP] Copy Pods Resources";
			outputPaths = (
			);
			runOnlyForDeploymentPostprocessing = 0;
			shellPath = /bin/sh;
			shellScript = "\"${SRCROOT}/Pods/Target Support Files/Pods-SilentWarmth/Pods-SilentWarmth-resources.sh\"\n";
			showEnvVarsInLog = 0;
		};
		29271A7FD2781B32DFF133E4 /* [CP] Embed Pods Frameworks */ = {
			isa = PBXShellScriptBuildPhase;
			buildActionMask = 2147483647;
			files = (
			);
			inputPaths = (
			);
			name = "[CP] Embed Pods Frameworks";
			outputPaths = (
			);
			runOnlyForDeploymentPostprocessing = 0;
			shellPath = /bin/sh;
			shellScript = "\"${SRCROOT}/Pods/Target Support Files/Pods-SilentWarmthUITests/Pods-SilentWarmthUITests-frameworks.sh\"\n";
			showEnvVarsInLog = 0;
		};
		3D5AD92FBCFD7CBA300A3440 /* [CP] Copy Pods Resources */ = {
			isa = PBXShellScriptBuildPhase;
			buildActionMask = 2147483647;
			files = (
			);
			inputPaths = (
			);
			name = "[CP] Copy Pods Resources";
			outputPaths = (
			);
			runOnlyForDeploymentPostprocessing = 0;
			shellPath = /bin/sh;
			shellScript = "\"${SRCROOT}/Pods/Target Support Files/Pods-SilentWarmthUITests/Pods-SilentWarmthUITests-resources.sh\"\n";
			showEnvVarsInLog = 0;
		};
		4A565AF1A38417306C71B2E0 /* [CP] Embed Pods Frameworks */ = {
			isa = PBXShellScriptBuildPhase;
			buildActionMask = 2147483647;
			files = (
			);
			inputPaths = (
			);
			name = "[CP] Embed Pods Frameworks";
			outputPaths = (
			);
			runOnlyForDeploymentPostprocessing = 0;
			shellPath = /bin/sh;
			shellScript = "\"${SRCROOT}/Pods/Target Support Files/Pods-SilentWarmth/Pods-SilentWarmth-frameworks.sh\"\n";
			showEnvVarsInLog = 0;
		};
		4B53E7FF858814413713CCAA /* [CP] Check Pods Manifest.lock */ = {
			isa = PBXShellScriptBuildPhase;
			buildActionMask = 2147483647;
			files = (
			);
			inputPaths = (
			);
			name = "[CP] Check Pods Manifest.lock";
			outputPaths = (
			);
			runOnlyForDeploymentPostprocessing = 0;
			shellPath = /bin/sh;
			shellScript = "diff \"${PODS_ROOT}/../Podfile.lock\" \"${PODS_ROOT}/Manifest.lock\" > /dev/null\nif [ $? != 0 ] ; then\n    # print error to STDERR\n    echo \"error: The sandbox is not in sync with the Podfile.lock. Run 'pod install' or update your CocoaPods installation.\" >&2\n    exit 1\nfi\n";
			showEnvVarsInLog = 0;
		};
		8738984519383BC4701C5C8F /* [CP] Copy Pods Resources */ = {
			isa = PBXShellScriptBuildPhase;
			buildActionMask = 2147483647;
			files = (
			);
			inputPaths = (
			);
			name = "[CP] Copy Pods Resources";
			outputPaths = (
			);
			runOnlyForDeploymentPostprocessing = 0;
			shellPath = /bin/sh;
			shellScript = "\"${SRCROOT}/Pods/Target Support Files/Pods-SilentWarmthTests/Pods-SilentWarmthTests-resources.sh\"\n";
			showEnvVarsInLog = 0;
		};
		AC0045831DD57039009E135F /* ShellScript */ = {
			isa = PBXShellScriptBuildPhase;
			buildActionMask = 2147483647;
			files = (
			);
			inputPaths = (
				"$(SRCROOT)/Carthage/Build/iOS/BubbleTransition.framework",
			);
			outputPaths = (
			);
			runOnlyForDeploymentPostprocessing = 0;
			shellPath = /bin/sh;
			shellScript = "/usr/local/bin/carthage copy-frameworks";
		};
		C7CD70D4B04FA3E1C078449A /* [CP] Embed Pods Frameworks */ = {
			isa = PBXShellScriptBuildPhase;
			buildActionMask = 2147483647;
			files = (
			);
			inputPaths = (
			);
			name = "[CP] Embed Pods Frameworks";
			outputPaths = (
			);
			runOnlyForDeploymentPostprocessing = 0;
			shellPath = /bin/sh;
			shellScript = "\"${SRCROOT}/Pods/Target Support Files/Pods-SilentWarmthTests/Pods-SilentWarmthTests-frameworks.sh\"\n";
			showEnvVarsInLog = 0;
		};
		D6E3793835700CAC028D750D /* [CP] Check Pods Manifest.lock */ = {
			isa = PBXShellScriptBuildPhase;
			buildActionMask = 2147483647;
			files = (
			);
			inputPaths = (
			);
			name = "[CP] Check Pods Manifest.lock";
			outputPaths = (
			);
			runOnlyForDeploymentPostprocessing = 0;
			shellPath = /bin/sh;
			shellScript = "diff \"${PODS_ROOT}/../Podfile.lock\" \"${PODS_ROOT}/Manifest.lock\" > /dev/null\nif [ $? != 0 ] ; then\n    # print error to STDERR\n    echo \"error: The sandbox is not in sync with the Podfile.lock. Run 'pod install' or update your CocoaPods installation.\" >&2\n    exit 1\nfi\n";
			showEnvVarsInLog = 0;
		};
		E9641AE400866A893311836A /* [CP] Check Pods Manifest.lock */ = {
			isa = PBXShellScriptBuildPhase;
			buildActionMask = 2147483647;
			files = (
			);
			inputPaths = (
			);
			name = "[CP] Check Pods Manifest.lock";
			outputPaths = (
			);
			runOnlyForDeploymentPostprocessing = 0;
			shellPath = /bin/sh;
			shellScript = "diff \"${PODS_ROOT}/../Podfile.lock\" \"${PODS_ROOT}/Manifest.lock\" > /dev/null\nif [ $? != 0 ] ; then\n    # print error to STDERR\n    echo \"error: The sandbox is not in sync with the Podfile.lock. Run 'pod install' or update your CocoaPods installation.\" >&2\n    exit 1\nfi\n";
			showEnvVarsInLog = 0;
		};
/* End PBXShellScriptBuildPhase section */

/* Begin PBXSourcesBuildPhase section */
		AC212E601DD448E1003A400C /* Sources */ = {
			isa = PBXSourcesBuildPhase;
			buildActionMask = 2147483647;
			files = (
				AC891F531DE6B4F80006EE82 /* Uuids.swift in Sources */,
				ACD199021DD97DEA009AC564 /* InviteWarmthViewController.swift in Sources */,
				AC212E961DD44D15003A400C /* SendWarmthViewController.swift in Sources */,
				AC2589A91DEC03050022EB14 /* NotifyListTableViewCell.swift in Sources */,
				AC212E6A1DD448E2003A400C /* ViewController.swift in Sources */,
				ACD199041DD97E0B009AC564 /* MurmurViewController.swift in Sources */,
				ACC628C21DDD6B89002E85BE /* AlertBase.swift in Sources */,
				AC212E681DD448E2003A400C /* AppDelegate.swift in Sources */,
				AC2589A51DEBF9480022EB14 /* Values.swift in Sources */,
				AC2380411DE7E67D0065146A /* TestViewController.swift in Sources */,
				AC0045851DD58285009E135F /* HelpViewController.swift in Sources */,
			);
			runOnlyForDeploymentPostprocessing = 0;
		};
		AC212E741DD448E2003A400C /* Sources */ = {
			isa = PBXSourcesBuildPhase;
			buildActionMask = 2147483647;
			files = (
				AC212E7D1DD448E2003A400C /* SilentWarmthTests.swift in Sources */,
			);
			runOnlyForDeploymentPostprocessing = 0;
		};
		AC212E7F1DD448E2003A400C /* Sources */ = {
			isa = PBXSourcesBuildPhase;
			buildActionMask = 2147483647;
			files = (
				AC212E881DD448E2003A400C /* SilentWarmthUITests.swift in Sources */,
			);
			runOnlyForDeploymentPostprocessing = 0;
		};
/* End PBXSourcesBuildPhase section */

/* Begin PBXTargetDependency section */
		AC212E7A1DD448E2003A400C /* PBXTargetDependency */ = {
			isa = PBXTargetDependency;
			target = AC212E631DD448E1003A400C /* SilentWarmth */;
			targetProxy = AC212E791DD448E2003A400C /* PBXContainerItemProxy */;
		};
		AC212E851DD448E2003A400C /* PBXTargetDependency */ = {
			isa = PBXTargetDependency;
			target = AC212E631DD448E1003A400C /* SilentWarmth */;
			targetProxy = AC212E841DD448E2003A400C /* PBXContainerItemProxy */;
		};
/* End PBXTargetDependency section */

/* Begin PBXVariantGroup section */
		AC212E6B1DD448E2003A400C /* Main.storyboard */ = {
			isa = PBXVariantGroup;
			children = (
				AC212E6C1DD448E2003A400C /* Base */,
			);
			name = Main.storyboard;
			sourceTree = "<group>";
		};
		AC212E701DD448E2003A400C /* LaunchScreen.storyboard */ = {
			isa = PBXVariantGroup;
			children = (
				AC212E711DD448E2003A400C /* Base */,
			);
			name = LaunchScreen.storyboard;
			sourceTree = "<group>";
		};
/* End PBXVariantGroup section */

/* Begin XCBuildConfiguration section */
		AC212E8A1DD448E2003A400C /* Debug */ = {
			isa = XCBuildConfiguration;
			buildSettings = {
				ALWAYS_SEARCH_USER_PATHS = NO;
				CLANG_ANALYZER_NONNULL = YES;
				CLANG_CXX_LANGUAGE_STANDARD = "gnu++0x";
				CLANG_CXX_LIBRARY = "libc++";
				CLANG_ENABLE_MODULES = YES;
				CLANG_ENABLE_OBJC_ARC = YES;
				CLANG_WARN_BOOL_CONVERSION = YES;
				CLANG_WARN_CONSTANT_CONVERSION = YES;
				CLANG_WARN_DIRECT_OBJC_ISA_USAGE = YES_ERROR;
				CLANG_WARN_DOCUMENTATION_COMMENTS = YES;
				CLANG_WARN_EMPTY_BODY = YES;
				CLANG_WARN_ENUM_CONVERSION = YES;
				CLANG_WARN_INFINITE_RECURSION = YES;
				CLANG_WARN_INT_CONVERSION = YES;
				CLANG_WARN_OBJC_ROOT_CLASS = YES_ERROR;
				CLANG_WARN_SUSPICIOUS_MOVES = YES;
				CLANG_WARN_UNREACHABLE_CODE = YES;
				CLANG_WARN__DUPLICATE_METHOD_MATCH = YES;
				"CODE_SIGN_IDENTITY[sdk=iphoneos*]" = "iPhone Developer";
				COPY_PHASE_STRIP = NO;
				DEBUG_INFORMATION_FORMAT = dwarf;
				ENABLE_STRICT_OBJC_MSGSEND = YES;
				ENABLE_TESTABILITY = YES;
				GCC_C_LANGUAGE_STANDARD = gnu99;
				GCC_DYNAMIC_NO_PIC = NO;
				GCC_NO_COMMON_BLOCKS = YES;
				GCC_OPTIMIZATION_LEVEL = 0;
				GCC_PREPROCESSOR_DEFINITIONS = (
					"DEBUG=1",
					"$(inherited)",
				);
				GCC_WARN_64_TO_32_BIT_CONVERSION = YES;
				GCC_WARN_ABOUT_RETURN_TYPE = YES_ERROR;
				GCC_WARN_UNDECLARED_SELECTOR = YES;
				GCC_WARN_UNINITIALIZED_AUTOS = YES_AGGRESSIVE;
				GCC_WARN_UNUSED_FUNCTION = YES;
				GCC_WARN_UNUSED_VARIABLE = YES;
				IPHONEOS_DEPLOYMENT_TARGET = 10.1;
				MTL_ENABLE_DEBUG_INFO = YES;
				ONLY_ACTIVE_ARCH = YES;
				SDKROOT = iphoneos;
				SWIFT_ACTIVE_COMPILATION_CONDITIONS = DEBUG;
				SWIFT_OPTIMIZATION_LEVEL = "-Onone";
				TARGETED_DEVICE_FAMILY = "1,2";
			};
			name = Debug;
		};
		AC212E8B1DD448E2003A400C /* Release */ = {
			isa = XCBuildConfiguration;
			buildSettings = {
				ALWAYS_SEARCH_USER_PATHS = NO;
				CLANG_ANALYZER_NONNULL = YES;
				CLANG_CXX_LANGUAGE_STANDARD = "gnu++0x";
				CLANG_CXX_LIBRARY = "libc++";
				CLANG_ENABLE_MODULES = YES;
				CLANG_ENABLE_OBJC_ARC = YES;
				CLANG_WARN_BOOL_CONVERSION = YES;
				CLANG_WARN_CONSTANT_CONVERSION = YES;
				CLANG_WARN_DIRECT_OBJC_ISA_USAGE = YES_ERROR;
				CLANG_WARN_DOCUMENTATION_COMMENTS = YES;
				CLANG_WARN_EMPTY_BODY = YES;
				CLANG_WARN_ENUM_CONVERSION = YES;
				CLANG_WARN_INFINITE_RECURSION = YES;
				CLANG_WARN_INT_CONVERSION = YES;
				CLANG_WARN_OBJC_ROOT_CLASS = YES_ERROR;
				CLANG_WARN_SUSPICIOUS_MOVES = YES;
				CLANG_WARN_UNREACHABLE_CODE = YES;
				CLANG_WARN__DUPLICATE_METHOD_MATCH = YES;
				"CODE_SIGN_IDENTITY[sdk=iphoneos*]" = "iPhone Developer";
				COPY_PHASE_STRIP = NO;
				DEBUG_INFORMATION_FORMAT = "dwarf-with-dsym";
				ENABLE_NS_ASSERTIONS = NO;
				ENABLE_STRICT_OBJC_MSGSEND = YES;
				GCC_C_LANGUAGE_STANDARD = gnu99;
				GCC_NO_COMMON_BLOCKS = YES;
				GCC_WARN_64_TO_32_BIT_CONVERSION = YES;
				GCC_WARN_ABOUT_RETURN_TYPE = YES_ERROR;
				GCC_WARN_UNDECLARED_SELECTOR = YES;
				GCC_WARN_UNINITIALIZED_AUTOS = YES_AGGRESSIVE;
				GCC_WARN_UNUSED_FUNCTION = YES;
				GCC_WARN_UNUSED_VARIABLE = YES;
				IPHONEOS_DEPLOYMENT_TARGET = 10.1;
				MTL_ENABLE_DEBUG_INFO = NO;
				SDKROOT = iphoneos;
				SWIFT_OPTIMIZATION_LEVEL = "-Owholemodule";
				TARGETED_DEVICE_FAMILY = "1,2";
				VALIDATE_PRODUCT = YES;
			};
			name = Release;
		};
		AC212E8D1DD448E2003A400C /* Debug */ = {
			isa = XCBuildConfiguration;
			baseConfigurationReference = B1EF3CF6D44C27E093D860C8 /* Pods-SilentWarmth.debug.xcconfig */;
			buildSettings = {
				ASSETCATALOG_COMPILER_APPICON_NAME = AppIcon;
				DEVELOPMENT_TEAM = 3457D6786D;
				FRAMEWORK_SEARCH_PATHS = (
					"$(inherited)",
					"$(PROJECT_DIR)/Carthage/Build/iOS",
				);
				INFOPLIST_FILE = SilentWarmth/Info.plist;
				IPHONEOS_DEPLOYMENT_TARGET = 10.1;
				LD_RUNPATH_SEARCH_PATHS = "$(inherited) @executable_path/Frameworks";
				PRODUCT_BUNDLE_IDENTIFIER = jp.cafeblog.chocoffee.SilentWarmth;
				PRODUCT_NAME = "$(TARGET_NAME)";
				SWIFT_VERSION = 3.0;
			};
			name = Debug;
		};
		AC212E8E1DD448E2003A400C /* Release */ = {
			isa = XCBuildConfiguration;
			baseConfigurationReference = 97DDE56DA0E4C537948C2E0D /* Pods-SilentWarmth.release.xcconfig */;
			buildSettings = {
				ASSETCATALOG_COMPILER_APPICON_NAME = AppIcon;
				DEVELOPMENT_TEAM = 3457D6786D;
				FRAMEWORK_SEARCH_PATHS = (
					"$(inherited)",
					"$(PROJECT_DIR)/Carthage/Build/iOS",
				);
				INFOPLIST_FILE = SilentWarmth/Info.plist;
				IPHONEOS_DEPLOYMENT_TARGET = 10.1;
				LD_RUNPATH_SEARCH_PATHS = "$(inherited) @executable_path/Frameworks";
				PRODUCT_BUNDLE_IDENTIFIER = jp.cafeblog.chocoffee.SilentWarmth;
				PRODUCT_NAME = "$(TARGET_NAME)";
				SWIFT_VERSION = 3.0;
			};
			name = Release;
		};
		AC212E901DD448E2003A400C /* Debug */ = {
			isa = XCBuildConfiguration;
			baseConfigurationReference = DE96B95C2F5589C79D2A0C1E /* Pods-SilentWarmthTests.debug.xcconfig */;
			buildSettings = {
				ALWAYS_EMBED_SWIFT_STANDARD_LIBRARIES = YES;
				BUNDLE_LOADER = "$(TEST_HOST)";
				DEVELOPMENT_TEAM = 3457D6786D;
				INFOPLIST_FILE = SilentWarmthTests/Info.plist;
				LD_RUNPATH_SEARCH_PATHS = "$(inherited) @executable_path/Frameworks @loader_path/Frameworks";
				PRODUCT_BUNDLE_IDENTIFIER = jp.cafeblog.chocoffee.SilentWarmthTests;
				PRODUCT_NAME = "$(TARGET_NAME)";
				SWIFT_VERSION = 3.0;
				TEST_HOST = "$(BUILT_PRODUCTS_DIR)/SilentWarmth.app/SilentWarmth";
			};
			name = Debug;
		};
		AC212E911DD448E2003A400C /* Release */ = {
			isa = XCBuildConfiguration;
			baseConfigurationReference = 98C045134FEE2B33946A81A1 /* Pods-SilentWarmthTests.release.xcconfig */;
			buildSettings = {
				ALWAYS_EMBED_SWIFT_STANDARD_LIBRARIES = YES;
				BUNDLE_LOADER = "$(TEST_HOST)";
				DEVELOPMENT_TEAM = 3457D6786D;
				INFOPLIST_FILE = SilentWarmthTests/Info.plist;
				LD_RUNPATH_SEARCH_PATHS = "$(inherited) @executable_path/Frameworks @loader_path/Frameworks";
				PRODUCT_BUNDLE_IDENTIFIER = jp.cafeblog.chocoffee.SilentWarmthTests;
				PRODUCT_NAME = "$(TARGET_NAME)";
				SWIFT_VERSION = 3.0;
				TEST_HOST = "$(BUILT_PRODUCTS_DIR)/SilentWarmth.app/SilentWarmth";
			};
			name = Release;
		};
		AC212E931DD448E2003A400C /* Debug */ = {
			isa = XCBuildConfiguration;
			baseConfigurationReference = F832EE0525EC81156A195688 /* Pods-SilentWarmthUITests.debug.xcconfig */;
			buildSettings = {
				ALWAYS_EMBED_SWIFT_STANDARD_LIBRARIES = YES;
				DEVELOPMENT_TEAM = 3457D6786D;
				INFOPLIST_FILE = SilentWarmthUITests/Info.plist;
				LD_RUNPATH_SEARCH_PATHS = "$(inherited) @executable_path/Frameworks @loader_path/Frameworks";
				PRODUCT_BUNDLE_IDENTIFIER = jp.cafeblog.chocoffee.SilentWarmthUITests;
				PRODUCT_NAME = "$(TARGET_NAME)";
				SWIFT_VERSION = 3.0;
				TEST_TARGET_NAME = SilentWarmth;
			};
			name = Debug;
		};
		AC212E941DD448E2003A400C /* Release */ = {
			isa = XCBuildConfiguration;
			baseConfigurationReference = 2374E2937350F517D1BCEBFA /* Pods-SilentWarmthUITests.release.xcconfig */;
			buildSettings = {
				ALWAYS_EMBED_SWIFT_STANDARD_LIBRARIES = YES;
				DEVELOPMENT_TEAM = 3457D6786D;
				INFOPLIST_FILE = SilentWarmthUITests/Info.plist;
				LD_RUNPATH_SEARCH_PATHS = "$(inherited) @executable_path/Frameworks @loader_path/Frameworks";
				PRODUCT_BUNDLE_IDENTIFIER = jp.cafeblog.chocoffee.SilentWarmthUITests;
				PRODUCT_NAME = "$(TARGET_NAME)";
				SWIFT_VERSION = 3.0;
				TEST_TARGET_NAME = SilentWarmth;
			};
			name = Release;
		};
/* End XCBuildConfiguration section */

/* Begin XCConfigurationList section */
		AC212E5F1DD448E1003A400C /* Build configuration list for PBXProject "SilentWarmth" */ = {
			isa = XCConfigurationList;
			buildConfigurations = (
				AC212E8A1DD448E2003A400C /* Debug */,
				AC212E8B1DD448E2003A400C /* Release */,
			);
			defaultConfigurationIsVisible = 0;
			defaultConfigurationName = Release;
		};
		AC212E8C1DD448E2003A400C /* Build configuration list for PBXNativeTarget "SilentWarmth" */ = {
			isa = XCConfigurationList;
			buildConfigurations = (
				AC212E8D1DD448E2003A400C /* Debug */,
				AC212E8E1DD448E2003A400C /* Release */,
			);
			defaultConfigurationIsVisible = 0;
			defaultConfigurationName = Release;
		};
		AC212E8F1DD448E2003A400C /* Build configuration list for PBXNativeTarget "SilentWarmthTests" */ = {
			isa = XCConfigurationList;
			buildConfigurations = (
				AC212E901DD448E2003A400C /* Debug */,
				AC212E911DD448E2003A400C /* Release */,
			);
			defaultConfigurationIsVisible = 0;
			defaultConfigurationName = Release;
		};
		AC212E921DD448E2003A400C /* Build configuration list for PBXNativeTarget "SilentWarmthUITests" */ = {
			isa = XCConfigurationList;
			buildConfigurations = (
				AC212E931DD448E2003A400C /* Debug */,
				AC212E941DD448E2003A400C /* Release */,
			);
			defaultConfigurationIsVisible = 0;
			defaultConfigurationName = Release;
		};
/* End XCConfigurationList section */
	};
	rootObject = AC212E5C1DD448E1003A400C /* Project object */;
}
